// !$*UTF8*$!
{
	archiveVersion = 1;
	classes = {
	};
	objectVersion = 50;
	objects = {

/* Begin PBXBuildFile section */
		67F75DE121F2BAF1007939A0 /* AppDelegate.swift in Sources */ = {isa = PBXBuildFile; fileRef = 67F75DE021F2BAF1007939A0 /* AppDelegate.swift */; };
		67F75DE621F2BAF1007939A0 /* Main.storyboard in Resources */ = {isa = PBXBuildFile; fileRef = 67F75DE421F2BAF1007939A0 /* Main.storyboard */; };
		67F75DE821F2BAF1007939A0 /* Assets.xcassets in Resources */ = {isa = PBXBuildFile; fileRef = 67F75DE721F2BAF1007939A0 /* Assets.xcassets */; };
		67F75DEB21F2BAF1007939A0 /* LaunchScreen.storyboard in Resources */ = {isa = PBXBuildFile; fileRef = 67F75DE921F2BAF1007939A0 /* LaunchScreen.storyboard */; };
		67F75DF521F2BC66007939A0 /* TaskListTableViewController.swift in Sources */ = {isa = PBXBuildFile; fileRef = 67F75DF421F2BC66007939A0 /* TaskListTableViewController.swift */; };
		67F75DF721F2CA6C007939A0 /* TaskCollection.swift in Sources */ = {isa = PBXBuildFile; fileRef = 67F75DF621F2CA6C007939A0 /* TaskCollection.swift */; };
		67F75DF921F2CB65007939A0 /* taskViewController.swift in Sources */ = {isa = PBXBuildFile; fileRef = 67F75DF821F2CB65007939A0 /* taskViewController.swift */; };
		67F75DFB21F2D158007939A0 /* Task.swift in Sources */ = {isa = PBXBuildFile; fileRef = 67F75DFA21F2D158007939A0 /* Task.swift */; };
/* End PBXBuildFile section */

/* Begin PBXFileReference section */
		67F75DDD21F2BAF1007939A0 /* TodoManager.app */ = {isa = PBXFileReference; explicitFileType = wrapper.application; includeInIndex = 0; path = TodoManager.app; sourceTree = BUILT_PRODUCTS_DIR; };
		67F75DE021F2BAF1007939A0 /* AppDelegate.swift */ = {isa = PBXFileReference; lastKnownFileType = sourcecode.swift; path = AppDelegate.swift; sourceTree = "<group>"; };
		67F75DE521F2BAF1007939A0 /* Base */ = {isa = PBXFileReference; lastKnownFileType = file.storyboard; name = Base; path = Base.lproj/Main.storyboard; sourceTree = "<group>"; };
		67F75DE721F2BAF1007939A0 /* Assets.xcassets */ = {isa = PBXFileReference; lastKnownFileType = folder.assetcatalog; path = Assets.xcassets; sourceTree = "<group>"; };
		67F75DEA21F2BAF1007939A0 /* Base */ = {isa = PBXFileReference; lastKnownFileType = file.storyboard; name = Base; path = Base.lproj/LaunchScreen.storyboard; sourceTree = "<group>"; };
		67F75DEC21F2BAF1007939A0 /* Info.plist */ = {isa = PBXFileReference; lastKnownFileType = text.plist.xml; path = Info.plist; sourceTree = "<group>"; };
		67F75DF421F2BC66007939A0 /* TaskListTableViewController.swift */ = {isa = PBXFileReference; lastKnownFileType = sourcecode.swift; path = TaskListTableViewController.swift; sourceTree = "<group>"; };
		67F75DF621F2CA6C007939A0 /* TaskCollection.swift */ = {isa = PBXFileReference; lastKnownFileType = sourcecode.swift; path = TaskCollection.swift; sourceTree = "<group>"; };
		67F75DF821F2CB65007939A0 /* taskViewController.swift */ = {isa = PBXFileReference; lastKnownFileType = sourcecode.swift; path = taskViewController.swift; sourceTree = "<group>"; };
		67F75DFA21F2D158007939A0 /* Task.swift */ = {isa = PBXFileReference; lastKnownFileType = sourcecode.swift; path = Task.swift; sourceTree = "<group>"; };
/* End PBXFileReference section */

/* Begin PBXFrameworksBuildPhase section */
		67F75DDA21F2BAF1007939A0 /* Frameworks */ = {
			isa = PBXFrameworksBuildPhase;
			buildActionMask = 2147483647;
			files = (
			);
			runOnlyForDeploymentPostprocessing = 0;
		};
/* End PBXFrameworksBuildPhase section */

/* Begin PBXGroup section */
		67F75DD421F2BAF1007939A0 = {
			isa = PBXGroup;
			children = (
				67F75DDF21F2BAF1007939A0 /* TodoManager */,
				67F75DDE21F2BAF1007939A0 /* Products */,
			);
			sourceTree = "<group>";
		};
		67F75DDE21F2BAF1007939A0 /* Products */ = {
			isa = PBXGroup;
			children = (
				67F75DDD21F2BAF1007939A0 /* TodoManager.app */,
			);
			name = Products;
			sourceTree = "<group>";
		};
		67F75DDF21F2BAF1007939A0 /* TodoManager */ = {
			isa = PBXGroup;
			children = (
				67F75DF321F2BBF7007939A0 /* Models */,
				67F75DF221F2BBE2007939A0 /* Controllers */,
				67F75DE021F2BAF1007939A0 /* AppDelegate.swift */,
				67F75DE421F2BAF1007939A0 /* Main.storyboard */,
				67F75DE721F2BAF1007939A0 /* Assets.xcassets */,
				67F75DE921F2BAF1007939A0 /* LaunchScreen.storyboard */,
				67F75DEC21F2BAF1007939A0 /* Info.plist */,
			);
			path = TodoManager;
			sourceTree = "<group>";
		};
		67F75DF221F2BBE2007939A0 /* Controllers */ = {
			isa = PBXGroup;
			children = (
				67F75DF421F2BC66007939A0 /* TaskListTableViewController.swift */,
				67F75DF821F2CB65007939A0 /* taskViewController.swift */,
			);
			path = Controllers;
			sourceTree = "<group>";
		};
		67F75DF321F2BBF7007939A0 /* Models */ = {
			isa = PBXGroup;
			children = (
				67F75DF621F2CA6C007939A0 /* TaskCollection.swift */,
				67F75DFA21F2D158007939A0 /* Task.swift */,
			);
			path = Models;
			sourceTree = "<group>";
		};
/* End PBXGroup section */

/* Begin PBXNativeTarget section */
		67F75DDC21F2BAF1007939A0 /* TodoManager */ = {
			isa = PBXNativeTarget;
			buildConfigurationList = 67F75DEF21F2BAF1007939A0 /* Build configuration list for PBXNativeTarget "TodoManager" */;
			buildPhases = (
				67F75DD921F2BAF1007939A0 /* Sources */,
				67F75DDA21F2BAF1007939A0 /* Frameworks */,
				67F75DDB21F2BAF1007939A0 /* Resources */,
			);
			buildRules = (
			);
			dependencies = (
			);
			name = TodoManager;
			productName = TodoManager;
			productReference = 67F75DDD21F2BAF1007939A0 /* TodoManager.app */;
			productType = "com.apple.product-type.application";
		};
/* End PBXNativeTarget section */

/* Begin PBXProject section */
		67F75DD521F2BAF1007939A0 /* Project object */ = {
			isa = PBXProject;
			attributes = {
				LastSwiftUpdateCheck = 1010;
				LastUpgradeCheck = 1010;
				ORGANIZATIONNAME = "山本竜也";
				TargetAttributes = {
					67F75DDC21F2BAF1007939A0 = {
						CreatedOnToolsVersion = 10.1;
					};
				};
			};
			buildConfigurationList = 67F75DD821F2BAF1007939A0 /* Build configuration list for PBXProject "TodoManager" */;
			compatibilityVersion = "Xcode 9.3";
			developmentRegion = en;
			hasScannedForEncodings = 0;
			knownRegions = (
				en,
				Base,
			);
			mainGroup = 67F75DD421F2BAF1007939A0;
			productRefGroup = 67F75DDE21F2BAF1007939A0 /* Products */;
			projectDirPath = "";
			projectRoot = "";
			targets = (
				67F75DDC21F2BAF1007939A0 /* TodoManager */,
			);
		};
/* End PBXProject section */

/* Begin PBXResourcesBuildPhase section */
		67F75DDB21F2BAF1007939A0 /* Resources */ = {
			isa = PBXResourcesBuildPhase;
			buildActionMask = 2147483647;
			files = (
				67F75DEB21F2BAF1007939A0 /* LaunchScreen.storyboard in Resources */,
				67F75DE821F2BAF1007939A0 /* Assets.xcassets in Resources */,
				67F75DE621F2BAF1007939A0 /* Main.storyboard in Resources */,
			);
			runOnlyForDeploymentPostprocessing = 0;
		};
/* End PBXResourcesBuildPhase section */

/* Begin PBXSourcesBuildPhase section */
		67F75DD921F2BAF1007939A0 /* Sources */ = {
			isa = PBXSourcesBuildPhase;
			buildActionMask = 2147483647;
			files = (
				67F75DF521F2BC66007939A0 /* TaskListTableViewController.swift in Sources */,
				67F75DF921F2CB65007939A0 /* taskViewController.swift in Sources */,
				67F75DFB21F2D158007939A0 /* Task.swift in Sources */,
				67F75DE121F2BAF1007939A0 /* AppDelegate.swift in Sources */,
				67F75DF721F2CA6C007939A0 /* TaskCollection.swift in Sources */,
			);
			runOnlyForDeploymentPostprocessing = 0;
		};
/* End PBXSourcesBuildPhase section */

/* Begin PBXVariantGroup section */
		67F75DE421F2BAF1007939A0 /* Main.storyboard */ = {
			isa = PBXVariantGroup;
			children = (
				67F75DE521F2BAF1007939A0 /* Base */,
			);
			name = Main.storyboard;
			sourceTree = "<group>";
		};
		67F75DE921F2BAF1007939A0 /* LaunchScreen.storyboard */ = {
			isa = PBXVariantGroup;
			children = (
				67F75DEA21F2BAF1007939A0 /* Base */,
			);
			name = LaunchScreen.storyboard;
			sourceTree = "<group>";
		};
/* End PBXVariantGroup section */

/* Begin XCBuildConfiguration section */
		67F75DED21F2BAF1007939A0 /* Debug */ = {
			isa = XCBuildConfiguration;
			buildSettings = {
				ALWAYS_SEARCH_USER_PATHS = NO;
				CLANG_ANALYZER_NONNULL = YES;
				CLANG_ANALYZER_NUMBER_OBJECT_CONVERSION = YES_AGGRESSIVE;
				CLANG_CXX_LANGUAGE_STANDARD = "gnu++14";
				CLANG_CXX_LIBRARY = "libc++";
				CLANG_ENABLE_MODULES = YES;
				CLANG_ENABLE_OBJC_ARC = YES;
				CLANG_ENABLE_OBJC_WEAK = YES;
				CLANG_WARN_BLOCK_CAPTURE_AUTORELEASING = YES;
				CLANG_WARN_BOOL_CONVERSION = YES;
				CLANG_WARN_COMMA = YES;
				CLANG_WARN_CONSTANT_CONVERSION = YES;
				CLANG_WARN_DEPRECATED_OBJC_IMPLEMENTATIONS = YES;
				CLANG_WARN_DIRECT_OBJC_ISA_USAGE = YES_ERROR;
				CLANG_WARN_DOCUMENTATION_COMMENTS = YES;
				CLANG_WARN_EMPTY_BODY = YES;
				CLANG_WARN_ENUM_CONVERSION = YES;
				CLANG_WARN_INFINITE_RECURSION = YES;
				CLANG_WARN_INT_CONVERSION = YES;
				CLANG_WARN_NON_LITERAL_NULL_CONVERSION = YES;
				CLANG_WARN_OBJC_IMPLICIT_RETAIN_SELF = YES;
				CLANG_WARN_OBJC_LITERAL_CONVERSION = YES;
				CLANG_WARN_OBJC_ROOT_CLASS = YES_ERROR;
				CLANG_WARN_RANGE_LOOP_ANALYSIS = YES;
				CLANG_WARN_STRICT_PROTOTYPES = YES;
				CLANG_WARN_SUSPICIOUS_MOVE = YES;
				CLANG_WARN_UNGUARDED_AVAILABILITY = YES_AGGRESSIVE;
				CLANG_WARN_UNREACHABLE_CODE = YES;
				CLANG_WARN__DUPLICATE_METHOD_MATCH = YES;
				CODE_SIGN_IDENTITY = "iPhone Developer";
				COPY_PHASE_STRIP = NO;
				DEBUG_INFORMATION_FORMAT = dwarf;
				ENABLE_STRICT_OBJC_MSGSEND = YES;
				ENABLE_TESTABILITY = YES;
				GCC_C_LANGUAGE_STANDARD = gnu11;
				GCC_DYNAMIC_NO_PIC = NO;
				GCC_NO_COMMON_BLOCKS = YES;
				GCC_OPTIMIZATION_LEVEL = 0;
				GCC_PREPROCESSOR_DEFINITIONS = (
					"DEBUG=1",
					"$(inherited)",
				);
				GCC_WARN_64_TO_32_BIT_CONVERSION = YES;
				GCC_WARN_ABOUT_RETURN_TYPE = YES_ERROR;
				GCC_WARN_UNDECLARED_SELECTOR = YES;
				GCC_WARN_UNINITIALIZED_AUTOS = YES_AGGRESSIVE;
				GCC_WARN_UNUSED_FUNCTION = YES;
				GCC_WARN_UNUSED_VARIABLE = YES;
				IPHONEOS_DEPLOYMENT_TARGET = 12.1;
				MTL_ENABLE_DEBUG_INFO = INCLUDE_SOURCE;
				MTL_FAST_MATH = YES;
				ONLY_ACTIVE_ARCH = YES;
				SDKROOT = iphoneos;
				SWIFT_ACTIVE_COMPILATION_CONDITIONS = DEBUG;
				SWIFT_OPTIMIZATION_LEVEL = "-Onone";
			};
			name = Debug;
		};
		67F75DEE21F2BAF1007939A0 /* Release */ = {
			isa = XCBuildConfiguration;
			buildSettings = {
				ALWAYS_SEARCH_USER_PATHS = NO;
				CLANG_ANALYZER_NONNULL = YES;
				CLANG_ANALYZER_NUMBER_OBJECT_CONVERSION = YES_AGGRESSIVE;
				CLANG_CXX_LANGUAGE_STANDARD = "gnu++14";
				CLANG_CXX_LIBRARY = "libc++";
				CLANG_ENABLE_MODULES = YES;
				CLANG_ENABLE_OBJC_ARC = YES;
				CLANG_ENABLE_OBJC_WEAK = YES;
				CLANG_WARN_BLOCK_CAPTURE_AUTORELEASING = YES;
				CLANG_WARN_BOOL_CONVERSION = YES;
				CLANG_WARN_COMMA = YES;
				CLANG_WARN_CONSTANT_CONVERSION = YES;
				CLANG_WARN_DEPRECATED_OBJC_IMPLEMENTATIONS = YES;
				CLANG_WARN_DIRECT_OBJC_ISA_USAGE = YES_ERROR;
				CLANG_WARN_DOCUMENTATION_COMMENTS = YES;
				CLANG_WARN_EMPTY_BODY = YES;
				CLANG_WARN_ENUM_CONVERSION = YES;
				CLANG_WARN_INFINITE_RECURSION = YES;
				CLANG_WARN_INT_CONVERSION = YES;
				CLANG_WARN_NON_LITERAL_NULL_CONVERSION = YES;
				CLANG_WARN_OBJC_IMPLICIT_RETAIN_SELF = YES;
				CLANG_WARN_OBJC_LITERAL_CONVERSION = YES;
				CLANG_WARN_OBJC_ROOT_CLASS = YES_ERROR;
				CLANG_WARN_RANGE_LOOP_ANALYSIS = YES;
				CLANG_WARN_STRICT_PROTOTYPES = YES;
				CLANG_WARN_SUSPICIOUS_MOVE = YES;
				CLANG_WARN_UNGUARDED_AVAILABILITY = YES_AGGRESSIVE;
				CLANG_WARN_UNREACHABLE_CODE = YES;
				CLANG_WARN__DUPLICATE_METHOD_MATCH = YES;
				CODE_SIGN_IDENTITY = "iPhone Developer";
				COPY_PHASE_STRIP = NO;
				DEBUG_INFORMATION_FORMAT = "dwarf-with-dsym";
				ENABLE_NS_ASSERTIONS = NO;
				ENABLE_STRICT_OBJC_MSGSEND = YES;
				GCC_C_LANGUAGE_STANDARD = gnu11;
				GCC_NO_COMMON_BLOCKS = YES;
				GCC_WARN_64_TO_32_BIT_CONVERSION = YES;
				GCC_WARN_ABOUT_RETURN_TYPE = YES_ERROR;
				GCC_WARN_UNDECLARED_SELECTOR = YES;
				GCC_WARN_UNINITIALIZED_AUTOS = YES_AGGRESSIVE;
				GCC_WARN_UNUSED_FUNCTION = YES;
				GCC_WARN_UNUSED_VARIABLE = YES;
				IPHONEOS_DEPLOYMENT_TARGET = 12.1;
				MTL_ENABLE_DEBUG_INFO = NO;
				MTL_FAST_MATH = YES;
				SDKROOT = iphoneos;
				SWIFT_COMPILATION_MODE = wholemodule;
				SWIFT_OPTIMIZATION_LEVEL = "-O";
				VALIDATE_PRODUCT = YES;
			};
			name = Release;
		};
		67F75DF021F2BAF1007939A0 /* Debug */ = {
			isa = XCBuildConfiguration;
			buildSettings = {
				ASSETCATALOG_COMPILER_APPICON_NAME = AppIcon;
				CODE_SIGN_STYLE = Automatic;
				DEVELOPMENT_TEAM = 92S7PT7663;
				INFOPLIST_FILE = TodoManager/Info.plist;
				LD_RUNPATH_SEARCH_PATHS = (
					"$(inherited)",
					"@executable_path/Frameworks",
				);
				PRODUCT_BUNDLE_IDENTIFIER = jp.co.test.TodoManager;
				PRODUCT_NAME = "$(TARGET_NAME)";
				SWIFT_VERSION = 4.2;
				TARGETED_DEVICE_FAMILY = "1,2";
			};
			name = Debug;
		};
		67F75DF121F2BAF1007939A0 /* Release */ = {
			isa = XCBuildConfiguration;
			buildSettings = {
				ASSETCATALOG_COMPILER_APPICON_NAME = AppIcon;
				CODE_SIGN_STYLE = Automatic;
				DEVELOPMENT_TEAM = 92S7PT7663;
				INFOPLIST_FILE = TodoManager/Info.plist;
				LD_RUNPATH_SEARCH_PATHS = (
					"$(inherited)",
					"@executable_path/Frameworks",
				);
				PRODUCT_BUNDLE_IDENTIFIER = jp.co.test.TodoManager;
				PRODUCT_NAME = "$(TARGET_NAME)";
				SWIFT_VERSION = 4.2;
				TARGETED_DEVICE_FAMILY = "1,2";
			};
			name = Release;
		};
/* End XCBuildConfiguration section */

/* Begin XCConfigurationList section */
		67F75DD821F2BAF1007939A0 /* Build configuration list for PBXProject "TodoManager" */ = {
			isa = XCConfigurationList;
			buildConfigurations = (
				67F75DED21F2BAF1007939A0 /* Debug */,
				67F75DEE21F2BAF1007939A0 /* Release */,
			);
			defaultConfigurationIsVisible = 0;
			defaultConfigurationName = Release;
		};
		67F75DEF21F2BAF1007939A0 /* Build configuration list for PBXNativeTarget "TodoManager" */ = {
			isa = XCConfigurationList;
			buildConfigurations = (
				67F75DF021F2BAF1007939A0 /* Debug */,
				67F75DF121F2BAF1007939A0 /* Release */,
			);
			defaultConfigurationIsVisible = 0;
			defaultConfigurationName = Release;
		};
/* End XCConfigurationList section */
	};
	rootObject = 67F75DD521F2BAF1007939A0 /* Project object */;
}
